lockfileVersion: '6.0'

settings:
  autoInstallPeers: true
  excludeLinksFromLockfile: false

devDependencies:
  '@actions/core':
    specifier: ^1.10.1
    version: 1.10.1
  '@actions/github':
    specifier: ^6.0.0
    version: 6.0.0
  '@vercel/ncc':
    specifier: ^0.38.1
    version: 0.38.1

packages:

  /@actions/core@1.10.1:
    resolution: {integrity: sha512-3lBR9EDAY+iYIpTnTIXmWcNbX3T2kCkAEQGIQx4NVQ0575nk2k3GRZDTPQG+vVtS2izSLmINlxXf0uLtnrTP+g==}
    dependencies:
      '@actions/http-client': 2.1.1
      uuid: 8.3.2
    dev: true

  /@actions/github@6.0.0:
    resolution: {integrity: sha512-alScpSVnYmjNEXboZjarjukQEzgCRmjMv6Xj47fsdnqGS73bjJNDpiiXmp8jr0UZLdUB6d9jW63IcmddUP+l0g==}
    dependencies:
      '@actions/http-client': 2.2.0
      '@octokit/core': 5.0.2
      '@octokit/plugin-paginate-rest': 9.1.4(@octokit/core@5.0.2)
      '@octokit/plugin-rest-endpoint-methods': 10.2.0(@octokit/core@5.0.2)
    dev: true

  /@actions/http-client@2.1.1:
    resolution: {integrity: sha512-qhrkRMB40bbbLo7gF+0vu+X+UawOvQQqNAA/5Unx774RS8poaOhThDOG6BGmxvAnxhQnDp2BG/ZUm65xZILTpw==}
    dependencies:
      tunnel: 0.0.6
    dev: true

  /@actions/http-client@2.2.0:
    resolution: {integrity: sha512-q+epW0trjVUUHboliPb4UF9g2msf+w61b32tAkFEwL/IwP0DQWgbCMM0Hbe3e3WXSKz5VcUXbzJQgy8Hkra/Lg==}
    dependencies:
      tunnel: 0.0.6
      undici: 5.28.1
    dev: true

  /@fastify/busboy@2.1.0:
    resolution: {integrity: sha512-+KpH+QxZU7O4675t3mnkQKcZZg56u+K/Ct2K+N2AZYNVK8kyeo/bI18tI8aPm3tvNNRyTWfj6s5tnGNlcbQRsA==}
    engines: {node: '>=14'}
    dev: true

  /@octokit/auth-token@4.0.0:
    resolution: {integrity: sha512-tY/msAuJo6ARbK6SPIxZrPBms3xPbfwBrulZe0Wtr/DIY9lje2HeV1uoebShn6mx7SjCHif6EjMvoREj+gZ+SA==}
    engines: {node: '>= 18'}
    dev: true

  /@octokit/core@5.0.2:
    resolution: {integrity: sha512-cZUy1gUvd4vttMic7C0lwPed8IYXWYp8kHIMatyhY8t8n3Cpw2ILczkV5pGMPqef7v0bLo0pOHrEHarsau2Ydg==}
    engines: {node: '>= 18'}
    dependencies:
      '@octokit/auth-token': 4.0.0
      '@octokit/graphql': 7.0.2
      '@octokit/request': 8.1.6
      '@octokit/request-error': 5.0.1
      '@octokit/types': 12.3.0
      before-after-hook: 2.2.3
      universal-user-agent: 6.0.0
    dev: true

  /@octokit/endpoint@9.0.4:
    resolution: {integrity: sha512-DWPLtr1Kz3tv8L0UvXTDP1fNwM0S+z6EJpRcvH66orY6Eld4XBMCSYsaWp4xIm61jTWxK68BrR7ibO+vSDnZqw==}
    engines: {node: '>= 18'}
    dependencies:
      '@octokit/types': 12.3.0
      universal-user-agent: 6.0.0
    dev: true

  /@octokit/graphql@7.0.2:
    resolution: {integrity: sha512-OJ2iGMtj5Tg3s6RaXH22cJcxXRi7Y3EBqbHTBRq+PQAqfaS8f/236fUrWhfSn8P4jovyzqucxme7/vWSSZBX2Q==}
    engines: {node: '>= 18'}
    dependencies:
      '@octokit/request': 8.1.6
      '@octokit/types': 12.3.0
      universal-user-agent: 6.0.0
    dev: true

  /@octokit/openapi-types@19.1.0:
    resolution: {integrity: sha512-6G+ywGClliGQwRsjvqVYpklIfa7oRPA0vyhPQG/1Feh+B+wU0vGH1JiJ5T25d3g1JZYBHzR2qefLi9x8Gt+cpw==}
    dev: true

  /@octokit/plugin-paginate-rest@9.1.4(@octokit/core@5.0.2):
    resolution: {integrity: sha512-MvZx4WvfhBnt7PtH5XE7HORsO7bBk4er1FgRIUr1qJ89NR2I6bWjGyKsxk8z42FPQ34hFQm0Baanh4gzdZR4gQ==}
    engines: {node: '>= 18'}
    peerDependencies:
      '@octokit/core': '>=5'
    dependencies:
      '@octokit/core': 5.0.2
      '@octokit/types': 12.3.0
    dev: true

  /@octokit/plugin-rest-endpoint-methods@10.2.0(@octokit/core@5.0.2):
    resolution: {integrity: sha512-ePbgBMYtGoRNXDyKGvr9cyHjQ163PbwD0y1MkDJCpkO2YH4OeXX40c4wYHKikHGZcpGPbcRLuy0unPUuafco8Q==}
    engines: {node: '>= 18'}
    peerDependencies:
      '@octokit/core': '>=5'
    dependencies:
      '@octokit/core': 5.0.2
      '@octokit/types': 12.3.0
    dev: true

  /@octokit/request-error@5.0.1:
    resolution: {integrity: sha512-X7pnyTMV7MgtGmiXBwmO6M5kIPrntOXdyKZLigNfQWSEQzVxR4a4vo49vJjTWX70mPndj8KhfT4Dx+2Ng3vnBQ==}
    engines: {node: '>= 18'}
    dependencies:
      '@octokit/types': 12.3.0
      deprecation: 2.3.1
      once: 1.4.0
    dev: true

  /@octokit/request@8.1.6:
    resolution: {integrity: sha512-YhPaGml3ncZC1NfXpP3WZ7iliL1ap6tLkAp6MvbK2fTTPytzVUyUesBBogcdMm86uRYO5rHaM1xIWxigWZ17MQ==}
    engines: {node: '>= 18'}
    dependencies:
      '@octokit/endpoint': 9.0.4
      '@octokit/request-error': 5.0.1
      '@octokit/types': 12.3.0
      universal-user-agent: 6.0.0
    dev: true

  /@octokit/types@12.3.0:
    resolution: {integrity: sha512-nJ8X2HRr234q3w/FcovDlA+ttUU4m1eJAourvfUUtwAWeqL8AsyRqfnLvVnYn3NFbUnsmzQCzLNdFerPwdmcDQ==}
    dependencies:
      '@octokit/openapi-types': 19.1.0
    dev: true

  /@vercel/ncc@0.38.1:
    resolution: {integrity: sha512-IBBb+iI2NLu4VQn3Vwldyi2QwaXt5+hTyh58ggAMoCGE6DJmPvwL3KPBWcJl1m9LYPChBLE980Jw+CS4Wokqxw==}
    hasBin: true
    dev: true

  /before-after-hook@2.2.3:
    resolution: {integrity: sha512-NzUnlZexiaH/46WDhANlyR2bXRopNg4F/zuSA3OpZnllCUgRaOF2znDioDWrmbNVsuZk6l9pMquQB38cfBZwkQ==}
    dev: true

  /deprecation@2.3.1:
    resolution: {integrity: sha512-xmHIy4F3scKVwMsQ4WnVaS8bHOx0DmVwRywosKhaILI0ywMDWPtBSku2HNxRvF7jtwDRsoEwYQSfbxj8b7RlJQ==}
    dev: true

  /once@1.4.0:
    resolution: {integrity: sha512-lNaJgI+2Q5URQBkccEKHTQOPaXdUxnZZElQTZY0MFUAuaEqe1E+Nyvgdz/aIyNi6Z9MzO5dv1H8n58/GELp3+w==}
    dependencies:
      wrappy: 1.0.2
    dev: true

  /tunnel@0.0.6:
    resolution: {integrity: sha512-1h/Lnq9yajKY2PEbBadPXj3VxsDDu844OnaAo52UVmIzIvwwtBPIuNvkjuzBlTWpfJyUbG3ez0KSBibQkj4ojg==}
    engines: {node: '>=0.6.11 <=0.7.0 || >=0.7.3'}
    dev: true

  /undici@5.28.1:
    resolution: {integrity: sha512-xcIIvj1LOQH9zAL54iWFkuDEaIVEjLrru7qRpa3GrEEHk6OBhb/LycuUY2m7VCcTuDeLziXCxobQVyKExyGeIA==}
    engines: {node: '>=14.0'}
    dependencies:
      '@fastify/busboy': 2.1.0
    dev: true

  /universal-user-agent@6.0.0:
    resolution: {integrity: sha512-isyNax3wXoKaulPDZWHQqbmIx1k2tb9fb3GGDBRxCscfYV2Ch7WxPArBsFEG8s/safwXTT7H4QGhaIkTp9447w==}
    dev: true

  /uuid@8.3.2:
    resolution: {integrity: sha512-+NYs2QeMWy+GWFOEm9xnn6HCDp0l7QBD7ml8zLUmJ+93Q5NF0NocErnwkTkXVFNiX3/fpC6afS8Dhb/gz7R7eg==}
    hasBin: true
    dev: true

  /wrappy@1.0.2:
    resolution: {integrity: sha512-l4Sp/DRseor9wL6EvV2+TuQn63dMkPjZ/sp9XkghTEbV9KlPS1xUsZ3u7/IQO4wxtcFB4bgpQPRcR3QCvezPcQ==}
    dev: true
